
Microsoft Visual Studio Solution File, Format Version 12.00
# Visual Studio Version 16
VisualStudioVersion = 16.0.29806.167
MinimumVisualStudioVersion = 10.0.40219.1
Project("{8BC9CEB8-8B4A-11D0-8D11-00A0C91BC942}") = "RedSunlight", "RedSunlight\RedSunlight.vcxproj", "{1776FBA1-EC01-44B6-9B01-B2E3B2BE58DE}"
EndProject
Project("{8BC9CEB8-8B4A-11D0-8D11-00A0C91BC942}") = "TestingGround", "TestingGround\TestingGround.vcxproj", "{A50F085C-FC68-4E00-9845-D1652DFA7FE8}"
	ProjectSection(ProjectDependencies) = postProject
		{1776FBA1-EC01-44B6-9B01-B2E3B2BE58DE} = {1776FBA1-EC01-44B6-9B01-B2E3B2BE58DE}
	EndProjectSection
EndProject
Global
	GlobalSection(SolutionConfigurationPlatforms) = preSolution
		Debug|x64 = Debug|x64
		Release|x64 = Release|x64
	EndGlobalSection
	GlobalSection(ProjectConfigurationPlatforms) = postSolution
		{1776FBA1-EC01-44B6-9B01-B2E3B2BE58DE}.Debug|x64.ActiveCfg = Debug|x64
		{1776FBA1-EC01-44B6-9B01-B2E3B2BE58DE}.Debug|x64.Build.0 = Debug|x64
		{1776FBA1-EC01-44B6-9B01-B2E3B2BE58DE}.Release|x64.ActiveCfg = Release|x64
		{1776FBA1-EC01-44B6-9B01-B2E3B2BE58DE}.Release|x64.Build.0 = Release|x64
		{A50F085C-FC68-4E00-9845-D1652DFA7FE8}.Debug|x64.ActiveCfg = Debug|x64
		{A50F085C-FC68-4E00-9845-D1652DFA7FE8}.Debug|x64.Build.0 = Debug|x64
		{A50F085C-FC68-4E00-9845-D1652DFA7FE8}.Release|x64.ActiveCfg = Release|x64
		{A50F085C-FC68-4E00-9845-D1652DFA7FE8}.Release|x64.Build.0 = Release|x64
	EndGlobalSection
	GlobalSection(SolutionProperties) = preSolution
		HideSolutionNode = FALSE
	EndGlobalSection
	GlobalSection(ExtensibilityGlobals) = postSolution
		SolutionGuid = {FCEBB7C6-FBC2-4D47-B3D8-0EF6633F398A}
	EndGlobalSection
EndGlobal
